
Microsoft Visual Studio Solution File, Format Version 12.00
# Visual Studio Version 17
VisualStudioVersion = 17.3.32929.385
MinimumVisualStudioVersion = 10.0.40219.1
Project("{FAE04EC0-301F-11D3-BF4B-00C04F79EFBC}") = "Carting Service", "Carting Service\Carting Service.csproj", "{15F31EC4-E275-4EBB-813E-683605FDB622}"
EndProject
Global
	GlobalSection(SolutionConfigurationPlatforms) = preSolution
		Debug|Any CPU = Debug|Any CPU
		Release|Any CPU = Release|Any CPU
	EndGlobalSection
	GlobalSection(ProjectConfigurationPlatforms) = postSolution
		{15F31EC4-E275-4EBB-813E-683605FDB622}.Debug|Any CPU.ActiveCfg = Debug|Any CPU
		{15F31EC4-E275-4EBB-813E-683605FDB622}.Debug|Any CPU.Build.0 = Debug|Any CPU
		{15F31EC4-E275-4EBB-813E-683605FDB622}.Release|Any CPU.ActiveCfg = Release|Any CPU
		{15F31EC4-E275-4EBB-813E-683605FDB622}.Release|Any CPU.Build.0 = Release|Any CPU
	EndGlobalSection
	GlobalSection(SolutionProperties) = preSolution
		HideSolutionNode = FALSE
	EndGlobalSection
	GlobalSection(ExtensibilityGlobals) = postSolution
		SolutionGuid = {D3017A43-94A6-4605-A552-853F87734AD3}
	EndGlobalSection
EndGlobal
